
Microsoft Visual Studio Solution File, Format Version 12.00
# Visual Studio Version 17
VisualStudioVersion = 17.5.001.0
MinimumVisualStudioVersion = 10.0.40219.1
Project("{9A19103F-16F7-4668-BE54-9A1E7A4F7556}") = "AS_poo", "AS_poo.csproj", "{6F427028-2AC0-49B9-8D1A-926B288D9F11}"
EndProject
Global
	GlobalSection(SolutionConfigurationPlatforms) = preSolution
		Debug|Any CPU = Debug|Any CPU
		Release|Any CPU = Release|Any CPU
	EndGlobalSection
	GlobalSection(ProjectConfigurationPlatforms) = postSolution
		{6F427028-2AC0-49B9-8D1A-926B288D9F11}.Debug|Any CPU.ActiveCfg = Debug|Any CPU
		{6F427028-2AC0-49B9-8D1A-926B288D9F11}.Debug|Any CPU.Build.0 = Debug|Any CPU
		{6F427028-2AC0-49B9-8D1A-926B288D9F11}.Release|Any CPU.ActiveCfg = Release|Any CPU
		{6F427028-2AC0-49B9-8D1A-926B288D9F11}.Release|Any CPU.Build.0 = Release|Any CPU
	EndGlobalSection
	GlobalSection(SolutionProperties) = preSolution
		HideSolutionNode = FALSE
	EndGlobalSection
	GlobalSection(ExtensibilityGlobals) = postSolution
		SolutionGuid = {F0498EC6-EABC-4852-A030-90C71A964439}
	EndGlobalSection
EndGlobal
